
Microsoft Visual Studio Solution File, Format Version 12.00
# Visual Studio 15
VisualStudioVersion = 15.0.25914.0
MinimumVisualStudioVersion = 10.0.40219.1
Project("{FAE04EC0-301F-11D3-BF4B-00C04F79EFBC}") = "CalculadorPropinas", "CalculadorPropinas\CalculadorPropinas.csproj", "{ABB80E79-5F83-4810-A083-77DD1B7E2C79}"
EndProject
Global
	GlobalSection(SolutionConfigurationPlatforms) = preSolution
		Ad-Hoc|iPhone = Ad-Hoc|iPhone
		Ad-Hoc|iPhoneSimulator = Ad-Hoc|iPhoneSimulator
		AppStore|iPhone = AppStore|iPhone
		AppStore|iPhoneSimulator = AppStore|iPhoneSimulator
		Debug|iPhone = Debug|iPhone
		Debug|iPhoneSimulator = Debug|iPhoneSimulator
		Release|iPhone = Release|iPhone
		Release|iPhoneSimulator = Release|iPhoneSimulator
	EndGlobalSection
	GlobalSection(ProjectConfigurationPlatforms) = postSolution
		{ABB80E79-5F83-4810-A083-77DD1B7E2C79}.Ad-Hoc|iPhone.ActiveCfg = Ad-Hoc|iPhone
		{ABB80E79-5F83-4810-A083-77DD1B7E2C79}.Ad-Hoc|iPhone.Build.0 = Ad-Hoc|iPhone
		{ABB80E79-5F83-4810-A083-77DD1B7E2C79}.Ad-Hoc|iPhoneSimulator.ActiveCfg = Ad-Hoc|iPhoneSimulator
		{ABB80E79-5F83-4810-A083-77DD1B7E2C79}.Ad-Hoc|iPhoneSimulator.Build.0 = Ad-Hoc|iPhoneSimulator
		{ABB80E79-5F83-4810-A083-77DD1B7E2C79}.AppStore|iPhone.ActiveCfg = AppStore|iPhone
		{ABB80E79-5F83-4810-A083-77DD1B7E2C79}.AppStore|iPhone.Build.0 = AppStore|iPhone
		{ABB80E79-5F83-4810-A083-77DD1B7E2C79}.AppStore|iPhoneSimulator.ActiveCfg = AppStore|iPhoneSimulator
		{ABB80E79-5F83-4810-A083-77DD1B7E2C79}.AppStore|iPhoneSimulator.Build.0 = AppStore|iPhoneSimulator
		{ABB80E79-5F83-4810-A083-77DD1B7E2C79}.Debug|iPhone.ActiveCfg = Debug|iPhone
		{ABB80E79-5F83-4810-A083-77DD1B7E2C79}.Debug|iPhone.Build.0 = Debug|iPhone
		{ABB80E79-5F83-4810-A083-77DD1B7E2C79}.Debug|iPhoneSimulator.ActiveCfg = Debug|iPhoneSimulator
		{ABB80E79-5F83-4810-A083-77DD1B7E2C79}.Debug|iPhoneSimulator.Build.0 = Debug|iPhoneSimulator
		{ABB80E79-5F83-4810-A083-77DD1B7E2C79}.Release|iPhone.ActiveCfg = Release|iPhone
		{ABB80E79-5F83-4810-A083-77DD1B7E2C79}.Release|iPhone.Build.0 = Release|iPhone
		{ABB80E79-5F83-4810-A083-77DD1B7E2C79}.Release|iPhoneSimulator.ActiveCfg = Release|iPhoneSimulator
		{ABB80E79-5F83-4810-A083-77DD1B7E2C79}.Release|iPhoneSimulator.Build.0 = Release|iPhoneSimulator
	EndGlobalSection
	GlobalSection(SolutionProperties) = preSolution
		HideSolutionNode = FALSE
	EndGlobalSection
EndGlobal
